// !$*UTF8*$!
{
	archiveVersion = 1;
	classes = {
	};
	objectVersion = 50;
	objects = {

/* Begin PBXBuildFile section */
		150BB223ED99C02E40A893EB /* Pods_MnCH.framework in Frameworks */ = {isa = PBXBuildFile; fileRef = B04E10CFA3D26B2E2B0A2D3E /* Pods_MnCH.framework */; };
		50A47F8B213D40330076EAF5 /* detailKader.storyboard in Resources */ = {isa = PBXBuildFile; fileRef = 50A47F8A213D40330076EAF5 /* detailKader.storyboard */; };
		50A47F8D213D40680076EAF5 /* detailKaderViewController.swift in Sources */ = {isa = PBXBuildFile; fileRef = 50A47F8C213D40680076EAF5 /* detailKaderViewController.swift */; };
		8503D54C213E2124005DE254 /* BabyModel.swift in Sources */ = {isa = PBXBuildFile; fileRef = 8503D54B213E2124005DE254 /* BabyModel.swift */; };
		8503D54E213E24C9005DE254 /* CheckModel.swift in Sources */ = {isa = PBXBuildFile; fileRef = 8503D54D213E24C9005DE254 /* CheckModel.swift */; };
		8503D550213E298E005DE254 /* KaderModel.swift in Sources */ = {isa = PBXBuildFile; fileRef = 8503D54F213E298E005DE254 /* KaderModel.swift */; };
		8503D552213E2C72005DE254 /* StaffModel.swift in Sources */ = {isa = PBXBuildFile; fileRef = 8503D551213E2C72005DE254 /* StaffModel.swift */; };
		8503D554213E449F005DE254 /* FirebaseReferences.swift in Sources */ = {isa = PBXBuildFile; fileRef = 8503D553213E449F005DE254 /* FirebaseReferences.swift */; };
		8503D556213E61A3005DE254 /* GlobalKader.swift in Sources */ = {isa = PBXBuildFile; fileRef = 8503D555213E61A3005DE254 /* GlobalKader.swift */; };
		8503D559213E8950005DE254 /* SHA1Extension.swift in Sources */ = {isa = PBXBuildFile; fileRef = 8503D558213E8950005DE254 /* SHA1Extension.swift */; };
		85B770F5213D713000D67BE1 /* GoogleService-Info.plist in Resources */ = {isa = PBXBuildFile; fileRef = 85B770F4213D713000D67BE1 /* GoogleService-Info.plist */; };
		A3B3CC9C213D0C600009E1FD /* AppDelegate.swift in Sources */ = {isa = PBXBuildFile; fileRef = A3B3CC9B213D0C600009E1FD /* AppDelegate.swift */; };
		A3B3CC9E213D0C600009E1FD /* ViewController.swift in Sources */ = {isa = PBXBuildFile; fileRef = A3B3CC9D213D0C600009E1FD /* ViewController.swift */; };
		A3B3CCA1213D0C600009E1FD /* Main.storyboard in Resources */ = {isa = PBXBuildFile; fileRef = A3B3CC9F213D0C600009E1FD /* Main.storyboard */; };
		A3B3CCA3213D0C610009E1FD /* Assets.xcassets in Resources */ = {isa = PBXBuildFile; fileRef = A3B3CCA2213D0C610009E1FD /* Assets.xcassets */; };
		A3B3CCA6213D0C610009E1FD /* LaunchScreen.storyboard in Resources */ = {isa = PBXBuildFile; fileRef = A3B3CCA4213D0C610009E1FD /* LaunchScreen.storyboard */; };
		A61103F8213D334C0046BB44 /* childProfileViewController.swift in Sources */ = {isa = PBXBuildFile; fileRef = A61103F7213D334C0046BB44 /* childProfileViewController.swift */; };
		A61103FA213D335B0046BB44 /* childProfile.storyboard in Resources */ = {isa = PBXBuildFile; fileRef = A61103F9213D335B0046BB44 /* childProfile.storyboard */; };
		A61103FD213D33C20046BB44 /* staffMainViewController.swift in Sources */ = {isa = PBXBuildFile; fileRef = A61103FC213D33C20046BB44 /* staffMainViewController.swift */; };
		A61103FF213D33D70046BB44 /* staffMain.storyboard in Resources */ = {isa = PBXBuildFile; fileRef = A61103FE213D33D70046BB44 /* staffMain.storyboard */; };
		A62D4396213DA15600A299FD /* addHistory.storyboard in Resources */ = {isa = PBXBuildFile; fileRef = A62D4395213DA15600A299FD /* addHistory.storyboard */; };
		A62D4398213DA16400A299FD /* addHistoryViewController.swift in Sources */ = {isa = PBXBuildFile; fileRef = A62D4397213DA16400A299FD /* addHistoryViewController.swift */; };
		A62D439C213E1E0700A299FD /* kaderSignUp.storyboard in Resources */ = {isa = PBXBuildFile; fileRef = A62D439B213E1E0700A299FD /* kaderSignUp.storyboard */; };
		A62D439E213E1E6600A299FD /* staffSignUp.storyboard in Resources */ = {isa = PBXBuildFile; fileRef = A62D439D213E1E6600A299FD /* staffSignUp.storyboard */; };
		A62D43A0213E1E9900A299FD /* kaderSignUpViewController.swift in Sources */ = {isa = PBXBuildFile; fileRef = A62D439F213E1E9900A299FD /* kaderSignUpViewController.swift */; };
		A62D43A2213E1EA700A299FD /* staffSignUpViewController.swift in Sources */ = {isa = PBXBuildFile; fileRef = A62D43A1213E1EA700A299FD /* staffSignUpViewController.swift */; };
		A6BB1E38213D45AF0001228B /* addChildViewController.swift in Sources */ = {isa = PBXBuildFile; fileRef = A6BB1E37213D45AF0001228B /* addChildViewController.swift */; };
		A6BB1E3A213D45B50001228B /* addChild.storyboard in Resources */ = {isa = PBXBuildFile; fileRef = A6BB1E39213D45B50001228B /* addChild.storyboard */; };
		A6BB1E3F213D56280001228B /* kaderMainTableViewCell.swift in Sources */ = {isa = PBXBuildFile; fileRef = A6BB1E3E213D56280001228B /* kaderMainTableViewCell.swift */; };
		A6BB1E41213D63310001228B /* detailKaderTableViewCell.swift in Sources */ = {isa = PBXBuildFile; fileRef = A6BB1E40213D63310001228B /* detailKaderTableViewCell.swift */; };
		A6BB1E43213D81220001228B /* staffMainTableViewCell.swift in Sources */ = {isa = PBXBuildFile; fileRef = A6BB1E42213D81220001228B /* staffMainTableViewCell.swift */; };
		A6E35F1C213D315300AD6F3A /* staffLogin.storyboard in Resources */ = {isa = PBXBuildFile; fileRef = A6E35F1B213D315300AD6F3A /* staffLogin.storyboard */; };
		A6E35F1E213D317900AD6F3A /* staffLoginViewController.swift in Sources */ = {isa = PBXBuildFile; fileRef = A6E35F1D213D317900AD6F3A /* staffLoginViewController.swift */; };
		A6E35F21213D31FC00AD6F3A /* kaderMainViewController.swift in Sources */ = {isa = PBXBuildFile; fileRef = A6E35F20213D31FC00AD6F3A /* kaderMainViewController.swift */; };
		A6E35F23213D323400AD6F3A /* kaderMain.storyboard in Resources */ = {isa = PBXBuildFile; fileRef = A6E35F22213D323400AD6F3A /* kaderMain.storyboard */; };
		DCBF9E23213EAF62001ADE99 /* ChildProfileOneViewController.swift in Sources */ = {isa = PBXBuildFile; fileRef = DCBF9E22213EAF62001ADE99 /* ChildProfileOneViewController.swift */; };
/* End PBXBuildFile section */

/* Begin PBXFileReference section */
		50A47F8A213D40330076EAF5 /* detailKader.storyboard */ = {isa = PBXFileReference; lastKnownFileType = file.storyboard; path = detailKader.storyboard; sourceTree = "<group>"; };
		50A47F8C213D40680076EAF5 /* detailKaderViewController.swift */ = {isa = PBXFileReference; lastKnownFileType = sourcecode.swift; path = detailKaderViewController.swift; sourceTree = "<group>"; };
		6AD5D120ABC1B3001524BD39 /* Pods-MnCH.debug.xcconfig */ = {isa = PBXFileReference; includeInIndex = 1; lastKnownFileType = text.xcconfig; name = "Pods-MnCH.debug.xcconfig"; path = "Pods/Target Support Files/Pods-MnCH/Pods-MnCH.debug.xcconfig"; sourceTree = "<group>"; };
		8503D54B213E2124005DE254 /* BabyModel.swift */ = {isa = PBXFileReference; lastKnownFileType = sourcecode.swift; path = BabyModel.swift; sourceTree = "<group>"; };
		8503D54D213E24C9005DE254 /* CheckModel.swift */ = {isa = PBXFileReference; lastKnownFileType = sourcecode.swift; path = CheckModel.swift; sourceTree = "<group>"; };
		8503D54F213E298E005DE254 /* KaderModel.swift */ = {isa = PBXFileReference; lastKnownFileType = sourcecode.swift; path = KaderModel.swift; sourceTree = "<group>"; };
		8503D551213E2C72005DE254 /* StaffModel.swift */ = {isa = PBXFileReference; lastKnownFileType = sourcecode.swift; path = StaffModel.swift; sourceTree = "<group>"; };
		8503D553213E449F005DE254 /* FirebaseReferences.swift */ = {isa = PBXFileReference; lastKnownFileType = sourcecode.swift; path = FirebaseReferences.swift; sourceTree = "<group>"; };
		8503D555213E61A3005DE254 /* GlobalKader.swift */ = {isa = PBXFileReference; lastKnownFileType = sourcecode.swift; path = GlobalKader.swift; sourceTree = "<group>"; };
		8503D558213E8950005DE254 /* SHA1Extension.swift */ = {isa = PBXFileReference; lastKnownFileType = sourcecode.swift; path = SHA1Extension.swift; sourceTree = "<group>"; };
		85B770F4213D713000D67BE1 /* GoogleService-Info.plist */ = {isa = PBXFileReference; fileEncoding = 4; lastKnownFileType = text.plist.xml; path = "GoogleService-Info.plist"; sourceTree = "<group>"; };
		A3B3CC98213D0C600009E1FD /* MnCH.app */ = {isa = PBXFileReference; explicitFileType = wrapper.application; includeInIndex = 0; path = MnCH.app; sourceTree = BUILT_PRODUCTS_DIR; };
		A3B3CC9B213D0C600009E1FD /* AppDelegate.swift */ = {isa = PBXFileReference; lastKnownFileType = sourcecode.swift; path = AppDelegate.swift; sourceTree = "<group>"; };
		A3B3CC9D213D0C600009E1FD /* ViewController.swift */ = {isa = PBXFileReference; lastKnownFileType = sourcecode.swift; path = ViewController.swift; sourceTree = "<group>"; };
		A3B3CCA0213D0C600009E1FD /* Base */ = {isa = PBXFileReference; lastKnownFileType = file.storyboard; name = Base; path = Base.lproj/Main.storyboard; sourceTree = "<group>"; };
		A3B3CCA2213D0C610009E1FD /* Assets.xcassets */ = {isa = PBXFileReference; lastKnownFileType = folder.assetcatalog; path = Assets.xcassets; sourceTree = "<group>"; };
		A3B3CCA5213D0C610009E1FD /* Base */ = {isa = PBXFileReference; lastKnownFileType = file.storyboard; name = Base; path = Base.lproj/LaunchScreen.storyboard; sourceTree = "<group>"; };
		A3B3CCA7213D0C610009E1FD /* Info.plist */ = {isa = PBXFileReference; lastKnownFileType = text.plist.xml; path = Info.plist; sourceTree = "<group>"; };
		A61103F7213D334C0046BB44 /* childProfileViewController.swift */ = {isa = PBXFileReference; lastKnownFileType = sourcecode.swift; path = childProfileViewController.swift; sourceTree = "<group>"; };
		A61103F9213D335B0046BB44 /* childProfile.storyboard */ = {isa = PBXFileReference; lastKnownFileType = file.storyboard; path = childProfile.storyboard; sourceTree = "<group>"; };
		A61103FC213D33C20046BB44 /* staffMainViewController.swift */ = {isa = PBXFileReference; lastKnownFileType = sourcecode.swift; path = staffMainViewController.swift; sourceTree = "<group>"; };
		A61103FE213D33D70046BB44 /* staffMain.storyboard */ = {isa = PBXFileReference; lastKnownFileType = file.storyboard; path = staffMain.storyboard; sourceTree = "<group>"; };
		A62D4395213DA15600A299FD /* addHistory.storyboard */ = {isa = PBXFileReference; lastKnownFileType = file.storyboard; path = addHistory.storyboard; sourceTree = "<group>"; };
		A62D4397213DA16400A299FD /* addHistoryViewController.swift */ = {isa = PBXFileReference; lastKnownFileType = sourcecode.swift; path = addHistoryViewController.swift; sourceTree = "<group>"; };
		A62D439B213E1E0700A299FD /* kaderSignUp.storyboard */ = {isa = PBXFileReference; lastKnownFileType = file.storyboard; path = kaderSignUp.storyboard; sourceTree = "<group>"; };
		A62D439D213E1E6600A299FD /* staffSignUp.storyboard */ = {isa = PBXFileReference; lastKnownFileType = file.storyboard; path = staffSignUp.storyboard; sourceTree = "<group>"; };
		A62D439F213E1E9900A299FD /* kaderSignUpViewController.swift */ = {isa = PBXFileReference; lastKnownFileType = sourcecode.swift; path = kaderSignUpViewController.swift; sourceTree = "<group>"; };
		A62D43A1213E1EA700A299FD /* staffSignUpViewController.swift */ = {isa = PBXFileReference; lastKnownFileType = sourcecode.swift; path = staffSignUpViewController.swift; sourceTree = "<group>"; };
		A6BB1E37213D45AF0001228B /* addChildViewController.swift */ = {isa = PBXFileReference; lastKnownFileType = sourcecode.swift; path = addChildViewController.swift; sourceTree = "<group>"; };
		A6BB1E39213D45B50001228B /* addChild.storyboard */ = {isa = PBXFileReference; lastKnownFileType = file.storyboard; path = addChild.storyboard; sourceTree = "<group>"; };
		A6BB1E3E213D56280001228B /* kaderMainTableViewCell.swift */ = {isa = PBXFileReference; lastKnownFileType = sourcecode.swift; path = kaderMainTableViewCell.swift; sourceTree = "<group>"; };
		A6BB1E40213D63310001228B /* detailKaderTableViewCell.swift */ = {isa = PBXFileReference; lastKnownFileType = sourcecode.swift; path = detailKaderTableViewCell.swift; sourceTree = "<group>"; };
		A6BB1E42213D81220001228B /* staffMainTableViewCell.swift */ = {isa = PBXFileReference; lastKnownFileType = sourcecode.swift; path = staffMainTableViewCell.swift; sourceTree = "<group>"; };
		A6E35F1B213D315300AD6F3A /* staffLogin.storyboard */ = {isa = PBXFileReference; lastKnownFileType = file.storyboard; path = staffLogin.storyboard; sourceTree = "<group>"; };
		A6E35F1D213D317900AD6F3A /* staffLoginViewController.swift */ = {isa = PBXFileReference; lastKnownFileType = sourcecode.swift; path = staffLoginViewController.swift; sourceTree = "<group>"; };
		A6E35F20213D31FC00AD6F3A /* kaderMainViewController.swift */ = {isa = PBXFileReference; lastKnownFileType = sourcecode.swift; path = kaderMainViewController.swift; sourceTree = "<group>"; };
		A6E35F22213D323400AD6F3A /* kaderMain.storyboard */ = {isa = PBXFileReference; lastKnownFileType = file.storyboard; path = kaderMain.storyboard; sourceTree = "<group>"; };
		B04E10CFA3D26B2E2B0A2D3E /* Pods_MnCH.framework */ = {isa = PBXFileReference; explicitFileType = wrapper.framework; includeInIndex = 0; path = Pods_MnCH.framework; sourceTree = BUILT_PRODUCTS_DIR; };
		BF71959BF328AD80BEDDFCAE /* Pods-MnCH.release.xcconfig */ = {isa = PBXFileReference; includeInIndex = 1; lastKnownFileType = text.xcconfig; name = "Pods-MnCH.release.xcconfig"; path = "Pods/Target Support Files/Pods-MnCH/Pods-MnCH.release.xcconfig"; sourceTree = "<group>"; };
		DCBF9E22213EAF62001ADE99 /* ChildProfileOneViewController.swift */ = {isa = PBXFileReference; lastKnownFileType = sourcecode.swift; path = ChildProfileOneViewController.swift; sourceTree = "<group>"; };
/* End PBXFileReference section */

/* Begin PBXFrameworksBuildPhase section */
		A3B3CC95213D0C600009E1FD /* Frameworks */ = {
			isa = PBXFrameworksBuildPhase;
			buildActionMask = 2147483647;
			files = (
				150BB223ED99C02E40A893EB /* Pods_MnCH.framework in Frameworks */,
			);
			runOnlyForDeploymentPostprocessing = 0;
		};
/* End PBXFrameworksBuildPhase section */

/* Begin PBXGroup section */
		0202D30FFFFC803D0CDC3F45 /* Frameworks */ = {
			isa = PBXGroup;
			children = (
				B04E10CFA3D26B2E2B0A2D3E /* Pods_MnCH.framework */,
			);
			name = Frameworks;
			sourceTree = "<group>";
		};
		50A47F8E213D40780076EAF5 /* Controller */ = {
			isa = PBXGroup;
			children = (
				A62D439F213E1E9900A299FD /* kaderSignUpViewController.swift */,
				A62D43A1213E1EA700A299FD /* staffSignUpViewController.swift */,
				A62D4397213DA16400A299FD /* addHistoryViewController.swift */,
				A6BB1E37213D45AF0001228B /* addChildViewController.swift */,
				50A47F8C213D40680076EAF5 /* detailKaderViewController.swift */,
				A6BB1E40213D63310001228B /* detailKaderTableViewCell.swift */,
				A6E35F1D213D317900AD6F3A /* staffLoginViewController.swift */,
				A61103FC213D33C20046BB44 /* staffMainViewController.swift */,
				A6BB1E42213D81220001228B /* staffMainTableViewCell.swift */,
				A6E35F20213D31FC00AD6F3A /* kaderMainViewController.swift */,
				A6BB1E3E213D56280001228B /* kaderMainTableViewCell.swift */,
				A61103F7213D334C0046BB44 /* childProfileViewController.swift */,
				DCBF9E22213EAF62001ADE99 /* ChildProfileOneViewController.swift */,
			);
			path = Controller;
			sourceTree = "<group>";
		};
		5A698E8FDE8ADDF2BF05DEB5 /* Pods */ = {
			isa = PBXGroup;
			children = (
				6AD5D120ABC1B3001524BD39 /* Pods-MnCH.debug.xcconfig */,
				BF71959BF328AD80BEDDFCAE /* Pods-MnCH.release.xcconfig */,
			);
			name = Pods;
			sourceTree = "<group>";
		};
		8503D557213E88E5005DE254 /* Extension */ = {
			isa = PBXGroup;
			children = (
				8503D558213E8950005DE254 /* SHA1Extension.swift */,
			);
			path = Extension;
			sourceTree = "<group>";
		};
		A3B3CC8F213D0C600009E1FD = {
			isa = PBXGroup;
			children = (
				A3B3CC9A213D0C600009E1FD /* MnCH */,
				A3B3CC99213D0C600009E1FD /* Products */,
				5A698E8FDE8ADDF2BF05DEB5 /* Pods */,
				0202D30FFFFC803D0CDC3F45 /* Frameworks */,
			);
			sourceTree = "<group>";
		};
		A3B3CC99213D0C600009E1FD /* Products */ = {
			isa = PBXGroup;
			children = (
				A3B3CC98213D0C600009E1FD /* MnCH.app */,
			);
			name = Products;
			sourceTree = "<group>";
		};
		A3B3CC9A213D0C600009E1FD /* MnCH */ = {
			isa = PBXGroup;
			children = (
				A3B3CC9B213D0C600009E1FD /* AppDelegate.swift */,
				A3B3CC9D213D0C600009E1FD /* ViewController.swift */,
				A3B3CC9F213D0C600009E1FD /* Main.storyboard */,
				A3B3CCA2213D0C610009E1FD /* Assets.xcassets */,
				A3B3CCA4213D0C610009E1FD /* LaunchScreen.storyboard */,
				A3B3CCA7213D0C610009E1FD /* Info.plist */,
				85B770F4213D713000D67BE1 /* GoogleService-Info.plist */,
				A6BB1E3B213D52B70001228B /* Model */,
				A6BB1E36213D45800001228B /* View */,
				50A47F8E213D40780076EAF5 /* Controller */,
				8503D557213E88E5005DE254 /* Extension */,
			);
			path = MnCH;
			sourceTree = "<group>";
		};
		A6BB1E36213D45800001228B /* View */ = {
			isa = PBXGroup;
			children = (
				A62D439B213E1E0700A299FD /* kaderSignUp.storyboard */,
				A62D439D213E1E6600A299FD /* staffSignUp.storyboard */,
				A62D4395213DA15600A299FD /* addHistory.storyboard */,
				A6BB1E39213D45B50001228B /* addChild.storyboard */,
				50A47F8A213D40330076EAF5 /* detailKader.storyboard */,
				A6E35F1B213D315300AD6F3A /* staffLogin.storyboard */,
				A61103FE213D33D70046BB44 /* staffMain.storyboard */,
				A6E35F22213D323400AD6F3A /* kaderMain.storyboard */,
				A61103F9213D335B0046BB44 /* childProfile.storyboard */,
			);
			path = View;
			sourceTree = "<group>";
		};
		A6BB1E3B213D52B70001228B /* Model */ = {
			isa = PBXGroup;
			children = (
				8503D54B213E2124005DE254 /* BabyModel.swift */,
				8503D54D213E24C9005DE254 /* CheckModel.swift */,
				8503D54F213E298E005DE254 /* KaderModel.swift */,
				8503D551213E2C72005DE254 /* StaffModel.swift */,
				8503D555213E61A3005DE254 /* GlobalKader.swift */,
				8503D553213E449F005DE254 /* FirebaseReferences.swift */,
			);
			path = Model;
			sourceTree = "<group>";
		};
/* End PBXGroup section */

/* Begin PBXNativeTarget section */
		A3B3CC97213D0C600009E1FD /* MnCH */ = {
			isa = PBXNativeTarget;
			buildConfigurationList = A3B3CCAA213D0C610009E1FD /* Build configuration list for PBXNativeTarget "MnCH" */;
			buildPhases = (
				1A642F50AA2A5B32D824AF55 /* [CP] Check Pods Manifest.lock */,
				A3B3CC94213D0C600009E1FD /* Sources */,
				A3B3CC95213D0C600009E1FD /* Frameworks */,
				A3B3CC96213D0C600009E1FD /* Resources */,
				84E38344A2605A01C1868DF5 /* [CP] Embed Pods Frameworks */,
			);
			buildRules = (
			);
			dependencies = (
			);
			name = MnCH;
			productName = MnCH;
			productReference = A3B3CC98213D0C600009E1FD /* MnCH.app */;
			productType = "com.apple.product-type.application";
		};
/* End PBXNativeTarget section */

/* Begin PBXProject section */
		A3B3CC90213D0C600009E1FD /* Project object */ = {
			isa = PBXProject;
			attributes = {
				LastSwiftUpdateCheck = 0940;
				LastUpgradeCheck = 0940;
				ORGANIZATIONNAME = "Rayo Roderik";
				TargetAttributes = {
					A3B3CC97213D0C600009E1FD = {
						CreatedOnToolsVersion = 9.4.1;
					};
				};
			};
			buildConfigurationList = A3B3CC93213D0C600009E1FD /* Build configuration list for PBXProject "MnCH" */;
			compatibilityVersion = "Xcode 9.3";
			developmentRegion = en;
			hasScannedForEncodings = 0;
			knownRegions = (
				en,
				Base,
			);
			mainGroup = A3B3CC8F213D0C600009E1FD;
			productRefGroup = A3B3CC99213D0C600009E1FD /* Products */;
			projectDirPath = "";
			projectRoot = "";
			targets = (
				A3B3CC97213D0C600009E1FD /* MnCH */,
			);
		};
/* End PBXProject section */

/* Begin PBXResourcesBuildPhase section */
		A3B3CC96213D0C600009E1FD /* Resources */ = {
			isa = PBXResourcesBuildPhase;
			buildActionMask = 2147483647;
			files = (
				A62D4396213DA15600A299FD /* addHistory.storyboard in Resources */,
				A62D439E213E1E6600A299FD /* staffSignUp.storyboard in Resources */,
				A62D439C213E1E0700A299FD /* kaderSignUp.storyboard in Resources */,
				A3B3CCA6213D0C610009E1FD /* LaunchScreen.storyboard in Resources */,
				A6E35F1C213D315300AD6F3A /* staffLogin.storyboard in Resources */,
				A3B3CCA3213D0C610009E1FD /* Assets.xcassets in Resources */,
				A61103FF213D33D70046BB44 /* staffMain.storyboard in Resources */,
				A6BB1E3A213D45B50001228B /* addChild.storyboard in Resources */,
				50A47F8B213D40330076EAF5 /* detailKader.storyboard in Resources */,
				A61103FA213D335B0046BB44 /* childProfile.storyboard in Resources */,
				85B770F5213D713000D67BE1 /* GoogleService-Info.plist in Resources */,
				A3B3CCA1213D0C600009E1FD /* Main.storyboard in Resources */,
				A6E35F23213D323400AD6F3A /* kaderMain.storyboard in Resources */,
			);
			runOnlyForDeploymentPostprocessing = 0;
		};
/* End PBXResourcesBuildPhase section */

/* Begin PBXShellScriptBuildPhase section */
		1A642F50AA2A5B32D824AF55 /* [CP] Check Pods Manifest.lock */ = {
			isa = PBXShellScriptBuildPhase;
			buildActionMask = 2147483647;
			files = (
			);
			inputPaths = (
				"${PODS_PODFILE_DIR_PATH}/Podfile.lock",
				"${PODS_ROOT}/Manifest.lock",
			);
			name = "[CP] Check Pods Manifest.lock";
			outputPaths = (
				"$(DERIVED_FILE_DIR)/Pods-MnCH-checkManifestLockResult.txt",
			);
			runOnlyForDeploymentPostprocessing = 0;
			shellPath = /bin/sh;
			shellScript = "diff \"${PODS_PODFILE_DIR_PATH}/Podfile.lock\" \"${PODS_ROOT}/Manifest.lock\" > /dev/null\nif [ $? != 0 ] ; then\n    # print error to STDERR\n    echo \"error: The sandbox is not in sync with the Podfile.lock. Run 'pod install' or update your CocoaPods installation.\" >&2\n    exit 1\nfi\n# This output is used by Xcode 'outputs' to avoid re-running this script phase.\necho \"SUCCESS\" > \"${SCRIPT_OUTPUT_FILE_0}\"\n";
			showEnvVarsInLog = 0;
		};
		84E38344A2605A01C1868DF5 /* [CP] Embed Pods Frameworks */ = {
			isa = PBXShellScriptBuildPhase;
			buildActionMask = 2147483647;
			files = (
			);
			inputPaths = (
				"${SRCROOT}/Pods/Target Support Files/Pods-MnCH/Pods-MnCH-frameworks.sh",
				"${BUILT_PRODUCTS_DIR}/GTMSessionFetcher/GTMSessionFetcher.framework",
				"${BUILT_PRODUCTS_DIR}/GoogleUtilities/GoogleUtilities.framework",
				"${BUILT_PRODUCTS_DIR}/leveldb-library/leveldb.framework",
				"${BUILT_PRODUCTS_DIR}/nanopb/nanopb.framework",
			);
			name = "[CP] Embed Pods Frameworks";
			outputPaths = (
				"${TARGET_BUILD_DIR}/${FRAMEWORKS_FOLDER_PATH}/GTMSessionFetcher.framework",
				"${TARGET_BUILD_DIR}/${FRAMEWORKS_FOLDER_PATH}/GoogleUtilities.framework",
				"${TARGET_BUILD_DIR}/${FRAMEWORKS_FOLDER_PATH}/leveldb.framework",
				"${TARGET_BUILD_DIR}/${FRAMEWORKS_FOLDER_PATH}/nanopb.framework",
			);
			runOnlyForDeploymentPostprocessing = 0;
			shellPath = /bin/sh;
			shellScript = "\"${SRCROOT}/Pods/Target Support Files/Pods-MnCH/Pods-MnCH-frameworks.sh\"\n";
			showEnvVarsInLog = 0;
		};
/* End PBXShellScriptBuildPhase section */

/* Begin PBXSourcesBuildPhase section */
		A3B3CC94213D0C600009E1FD /* Sources */ = {
			isa = PBXSourcesBuildPhase;
			buildActionMask = 2147483647;
			files = (
				8503D552213E2C72005DE254 /* StaffModel.swift in Sources */,
				A61103FD213D33C20046BB44 /* staffMainViewController.swift in Sources */,
				8503D54C213E2124005DE254 /* BabyModel.swift in Sources */,
				A6BB1E38213D45AF0001228B /* addChildViewController.swift in Sources */,
				A6E35F1E213D317900AD6F3A /* staffLoginViewController.swift in Sources */,
				A6BB1E3F213D56280001228B /* kaderMainTableViewCell.swift in Sources */,
				50A47F8D213D40680076EAF5 /* detailKaderViewController.swift in Sources */,
				A62D4398213DA16400A299FD /* addHistoryViewController.swift in Sources */,
				DCBF9E23213EAF62001ADE99 /* ChildProfileOneViewController.swift in Sources */,
				8503D554213E449F005DE254 /* FirebaseReferences.swift in Sources */,
				A3B3CC9E213D0C600009E1FD /* ViewController.swift in Sources */,
				A62D43A0213E1E9900A299FD /* kaderSignUpViewController.swift in Sources */,
				A3B3CC9C213D0C600009E1FD /* AppDelegate.swift in Sources */,
				A61103F8213D334C0046BB44 /* childProfileViewController.swift in Sources */,
				A6E35F21213D31FC00AD6F3A /* kaderMainViewController.swift in Sources */,
				A62D43A2213E1EA700A299FD /* staffSignUpViewController.swift in Sources */,
				8503D559213E8950005DE254 /* SHA1Extension.swift in Sources */,
				A6BB1E41213D63310001228B /* detailKaderTableViewCell.swift in Sources */,
				8503D556213E61A3005DE254 /* GlobalKader.swift in Sources */,
				8503D54E213E24C9005DE254 /* CheckModel.swift in Sources */,
				A6BB1E43213D81220001228B /* staffMainTableViewCell.swift in Sources */,
				8503D550213E298E005DE254 /* KaderModel.swift in Sources */,
			);
			runOnlyForDeploymentPostprocessing = 0;
		};
/* End PBXSourcesBuildPhase section */

/* Begin PBXVariantGroup section */
		A3B3CC9F213D0C600009E1FD /* Main.storyboard */ = {
			isa = PBXVariantGroup;
			children = (
				A3B3CCA0213D0C600009E1FD /* Base */,
			);
			name = Main.storyboard;
			sourceTree = "<group>";
		};
		A3B3CCA4213D0C610009E1FD /* LaunchScreen.storyboard */ = {
			isa = PBXVariantGroup;
			children = (
				A3B3CCA5213D0C610009E1FD /* Base */,
			);
			name = LaunchScreen.storyboard;
			sourceTree = "<group>";
		};
/* End PBXVariantGroup section */

/* Begin XCBuildConfiguration section */
		A3B3CCA8213D0C610009E1FD /* Debug */ = {
			isa = XCBuildConfiguration;
			buildSettings = {
				ALWAYS_SEARCH_USER_PATHS = NO;
				CLANG_ANALYZER_NONNULL = YES;
				CLANG_ANALYZER_NUMBER_OBJECT_CONVERSION = YES_AGGRESSIVE;
				CLANG_CXX_LANGUAGE_STANDARD = "gnu++14";
				CLANG_CXX_LIBRARY = "libc++";
				CLANG_ENABLE_MODULES = YES;
				CLANG_ENABLE_OBJC_ARC = YES;
				CLANG_ENABLE_OBJC_WEAK = YES;
				CLANG_WARN_BLOCK_CAPTURE_AUTORELEASING = YES;
				CLANG_WARN_BOOL_CONVERSION = YES;
				CLANG_WARN_COMMA = YES;
				CLANG_WARN_CONSTANT_CONVERSION = YES;
				CLANG_WARN_DEPRECATED_OBJC_IMPLEMENTATIONS = YES;
				CLANG_WARN_DIRECT_OBJC_ISA_USAGE = YES_ERROR;
				CLANG_WARN_DOCUMENTATION_COMMENTS = YES;
				CLANG_WARN_EMPTY_BODY = YES;
				CLANG_WARN_ENUM_CONVERSION = YES;
				CLANG_WARN_INFINITE_RECURSION = YES;
				CLANG_WARN_INT_CONVERSION = YES;
				CLANG_WARN_NON_LITERAL_NULL_CONVERSION = YES;
				CLANG_WARN_OBJC_IMPLICIT_RETAIN_SELF = YES;
				CLANG_WARN_OBJC_LITERAL_CONVERSION = YES;
				CLANG_WARN_OBJC_ROOT_CLASS = YES_ERROR;
				CLANG_WARN_RANGE_LOOP_ANALYSIS = YES;
				CLANG_WARN_STRICT_PROTOTYPES = YES;
				CLANG_WARN_SUSPICIOUS_MOVE = YES;
				CLANG_WARN_UNGUARDED_AVAILABILITY = YES_AGGRESSIVE;
				CLANG_WARN_UNREACHABLE_CODE = YES;
				CLANG_WARN__DUPLICATE_METHOD_MATCH = YES;
				CODE_SIGN_IDENTITY = "iPhone Developer";
				COPY_PHASE_STRIP = NO;
				DEBUG_INFORMATION_FORMAT = dwarf;
				ENABLE_STRICT_OBJC_MSGSEND = YES;
				ENABLE_TESTABILITY = YES;
				GCC_C_LANGUAGE_STANDARD = gnu11;
				GCC_DYNAMIC_NO_PIC = NO;
				GCC_NO_COMMON_BLOCKS = YES;
				GCC_OPTIMIZATION_LEVEL = 0;
				GCC_PREPROCESSOR_DEFINITIONS = (
					"DEBUG=1",
					"$(inherited)",
				);
				GCC_WARN_64_TO_32_BIT_CONVERSION = YES;
				GCC_WARN_ABOUT_RETURN_TYPE = YES_ERROR;
				GCC_WARN_UNDECLARED_SELECTOR = YES;
				GCC_WARN_UNINITIALIZED_AUTOS = YES_AGGRESSIVE;
				GCC_WARN_UNUSED_FUNCTION = YES;
				GCC_WARN_UNUSED_VARIABLE = YES;
				IPHONEOS_DEPLOYMENT_TARGET = 11.4;
				MTL_ENABLE_DEBUG_INFO = YES;
				ONLY_ACTIVE_ARCH = YES;
				SDKROOT = iphoneos;
				SWIFT_ACTIVE_COMPILATION_CONDITIONS = DEBUG;
				SWIFT_OPTIMIZATION_LEVEL = "-Onone";
			};
			name = Debug;
		};
		A3B3CCA9213D0C610009E1FD /* Release */ = {
			isa = XCBuildConfiguration;
			buildSettings = {
				ALWAYS_SEARCH_USER_PATHS = NO;
				CLANG_ANALYZER_NONNULL = YES;
				CLANG_ANALYZER_NUMBER_OBJECT_CONVERSION = YES_AGGRESSIVE;
				CLANG_CXX_LANGUAGE_STANDARD = "gnu++14";
				CLANG_CXX_LIBRARY = "libc++";
				CLANG_ENABLE_MODULES = YES;
				CLANG_ENABLE_OBJC_ARC = YES;
				CLANG_ENABLE_OBJC_WEAK = YES;
				CLANG_WARN_BLOCK_CAPTURE_AUTORELEASING = YES;
				CLANG_WARN_BOOL_CONVERSION = YES;
				CLANG_WARN_COMMA = YES;
				CLANG_WARN_CONSTANT_CONVERSION = YES;
				CLANG_WARN_DEPRECATED_OBJC_IMPLEMENTATIONS = YES;
				CLANG_WARN_DIRECT_OBJC_ISA_USAGE = YES_ERROR;
				CLANG_WARN_DOCUMENTATION_COMMENTS = YES;
				CLANG_WARN_EMPTY_BODY = YES;
				CLANG_WARN_ENUM_CONVERSION = YES;
				CLANG_WARN_INFINITE_RECURSION = YES;
				CLANG_WARN_INT_CONVERSION = YES;
				CLANG_WARN_NON_LITERAL_NULL_CONVERSION = YES;
				CLANG_WARN_OBJC_IMPLICIT_RETAIN_SELF = YES;
				CLANG_WARN_OBJC_LITERAL_CONVERSION = YES;
				CLANG_WARN_OBJC_ROOT_CLASS = YES_ERROR;
				CLANG_WARN_RANGE_LOOP_ANALYSIS = YES;
				CLANG_WARN_STRICT_PROTOTYPES = YES;
				CLANG_WARN_SUSPICIOUS_MOVE = YES;
				CLANG_WARN_UNGUARDED_AVAILABILITY = YES_AGGRESSIVE;
				CLANG_WARN_UNREACHABLE_CODE = YES;
				CLANG_WARN__DUPLICATE_METHOD_MATCH = YES;
				CODE_SIGN_IDENTITY = "iPhone Developer";
				COPY_PHASE_STRIP = NO;
				DEBUG_INFORMATION_FORMAT = "dwarf-with-dsym";
				ENABLE_NS_ASSERTIONS = NO;
				ENABLE_STRICT_OBJC_MSGSEND = YES;
				GCC_C_LANGUAGE_STANDARD = gnu11;
				GCC_NO_COMMON_BLOCKS = YES;
				GCC_WARN_64_TO_32_BIT_CONVERSION = YES;
				GCC_WARN_ABOUT_RETURN_TYPE = YES_ERROR;
				GCC_WARN_UNDECLARED_SELECTOR = YES;
				GCC_WARN_UNINITIALIZED_AUTOS = YES_AGGRESSIVE;
				GCC_WARN_UNUSED_FUNCTION = YES;
				GCC_WARN_UNUSED_VARIABLE = YES;
				IPHONEOS_DEPLOYMENT_TARGET = 11.4;
				MTL_ENABLE_DEBUG_INFO = NO;
				SDKROOT = iphoneos;
				SWIFT_COMPILATION_MODE = wholemodule;
				SWIFT_OPTIMIZATION_LEVEL = "-O";
				VALIDATE_PRODUCT = YES;
			};
			name = Release;
		};
		A3B3CCAB213D0C610009E1FD /* Debug */ = {
			isa = XCBuildConfiguration;
			baseConfigurationReference = 6AD5D120ABC1B3001524BD39 /* Pods-MnCH.debug.xcconfig */;
			buildSettings = {
				ASSETCATALOG_COMPILER_APPICON_NAME = AppIcon;
				CODE_SIGN_STYLE = Automatic;
				DEVELOPMENT_TEAM = H66ABT9385;
				INFOPLIST_FILE = MnCH/Info.plist;
				LD_RUNPATH_SEARCH_PATHS = (
					"$(inherited)",
					"@executable_path/Frameworks",
				);
				PRODUCT_BUNDLE_IDENTIFIER = appleacademy.MnCH;
				PRODUCT_NAME = "$(TARGET_NAME)";
				SWIFT_VERSION = 4.0;
				TARGETED_DEVICE_FAMILY = "1,2";
			};
			name = Debug;
		};
		A3B3CCAC213D0C610009E1FD /* Release */ = {
			isa = XCBuildConfiguration;
			baseConfigurationReference = BF71959BF328AD80BEDDFCAE /* Pods-MnCH.release.xcconfig */;
			buildSettings = {
				ASSETCATALOG_COMPILER_APPICON_NAME = AppIcon;
				CODE_SIGN_STYLE = Automatic;
				DEVELOPMENT_TEAM = H66ABT9385;
				INFOPLIST_FILE = MnCH/Info.plist;
				LD_RUNPATH_SEARCH_PATHS = (
					"$(inherited)",
					"@executable_path/Frameworks",
				);
				PRODUCT_BUNDLE_IDENTIFIER = appleacademy.MnCH;
				PRODUCT_NAME = "$(TARGET_NAME)";
				SWIFT_VERSION = 4.0;
				TARGETED_DEVICE_FAMILY = "1,2";
			};
			name = Release;
		};
/* End XCBuildConfiguration section */

/* Begin XCConfigurationList section */
		A3B3CC93213D0C600009E1FD /* Build configuration list for PBXProject "MnCH" */ = {
			isa = XCConfigurationList;
			buildConfigurations = (
				A3B3CCA8213D0C610009E1FD /* Debug */,
				A3B3CCA9213D0C610009E1FD /* Release */,
			);
			defaultConfigurationIsVisible = 0;
			defaultConfigurationName = Release;
		};
		A3B3CCAA213D0C610009E1FD /* Build configuration list for PBXNativeTarget "MnCH" */ = {
			isa = XCConfigurationList;
			buildConfigurations = (
				A3B3CCAB213D0C610009E1FD /* Debug */,
				A3B3CCAC213D0C610009E1FD /* Release */,
			);
			defaultConfigurationIsVisible = 0;
			defaultConfigurationName = Release;
		};
/* End XCConfigurationList section */
	};
	rootObject = A3B3CC90213D0C600009E1FD /* Project object */;
}
